
Microsoft Visual Studio Solution File, Format Version 12.00
# Visual Studio Version 16
VisualStudioVersion = 16.0.32106.194
MinimumVisualStudioVersion = 10.0.40219.1
Project("{FAE04EC0-301F-11D3-BF4B-00C04F79EFBC}") = "PizzaFEConsoleApp", "PizzaFEConsoleApp\PizzaFEConsoleApp.csproj", "{20C824CF-4BC1-4663-A8B5-12384C6A9B9B}"
EndProject
Project("{FAE04EC0-301F-11D3-BF4B-00C04F79EFBC}") = "PizzaModelsLibrary", "PizzaModelsLibrary\PizzaModelsLibrary.csproj", "{9F7CBA4C-127D-4E78-9A92-F52063857E4F}"
EndProject
Global
	GlobalSection(SolutionConfigurationPlatforms) = preSolution
		Debug|Any CPU = Debug|Any CPU
		Release|Any CPU = Release|Any CPU
	EndGlobalSection
	GlobalSection(ProjectConfigurationPlatforms) = postSolution
		{20C824CF-4BC1-4663-A8B5-12384C6A9B9B}.Debug|Any CPU.ActiveCfg = Debug|Any CPU
		{20C824CF-4BC1-4663-A8B5-12384C6A9B9B}.Debug|Any CPU.Build.0 = Debug|Any CPU
		{20C824CF-4BC1-4663-A8B5-12384C6A9B9B}.Release|Any CPU.ActiveCfg = Release|Any CPU
		{20C824CF-4BC1-4663-A8B5-12384C6A9B9B}.Release|Any CPU.Build.0 = Release|Any CPU
		{9F7CBA4C-127D-4E78-9A92-F52063857E4F}.Debug|Any CPU.ActiveCfg = Debug|Any CPU
		{9F7CBA4C-127D-4E78-9A92-F52063857E4F}.Debug|Any CPU.Build.0 = Debug|Any CPU
		{9F7CBA4C-127D-4E78-9A92-F52063857E4F}.Release|Any CPU.ActiveCfg = Release|Any CPU
		{9F7CBA4C-127D-4E78-9A92-F52063857E4F}.Release|Any CPU.Build.0 = Release|Any CPU
	EndGlobalSection
	GlobalSection(SolutionProperties) = preSolution
		HideSolutionNode = FALSE
	EndGlobalSection
	GlobalSection(ExtensibilityGlobals) = postSolution
		SolutionGuid = {80273CE3-3E3C-4F31-A102-7321F78C05C3}
	EndGlobalSection
EndGlobal
