
Microsoft Visual Studio Solution File, Format Version 12.00
# Visual Studio Version 16
VisualStudioVersion = 16.0.32106.194
MinimumVisualStudioVersion = 10.0.40219.1
Project("{FAE04EC0-301F-11D3-BF4B-00C04F79EFBC}") = "UnderstandingDelegateApp", "UnderstandingDelegateApp\UnderstandingDelegateApp.csproj", "{B3C16C32-51AD-4766-A44C-38C4FD02CCE9}"
EndProject
Global
	GlobalSection(SolutionConfigurationPlatforms) = preSolution
		Debug|Any CPU = Debug|Any CPU
		Release|Any CPU = Release|Any CPU
	EndGlobalSection
	GlobalSection(ProjectConfigurationPlatforms) = postSolution
		{B3C16C32-51AD-4766-A44C-38C4FD02CCE9}.Debug|Any CPU.ActiveCfg = Debug|Any CPU
		{B3C16C32-51AD-4766-A44C-38C4FD02CCE9}.Debug|Any CPU.Build.0 = Debug|Any CPU
		{B3C16C32-51AD-4766-A44C-38C4FD02CCE9}.Release|Any CPU.ActiveCfg = Release|Any CPU
		{B3C16C32-51AD-4766-A44C-38C4FD02CCE9}.Release|Any CPU.Build.0 = Release|Any CPU
	EndGlobalSection
	GlobalSection(SolutionProperties) = preSolution
		HideSolutionNode = FALSE
	EndGlobalSection
	GlobalSection(ExtensibilityGlobals) = postSolution
		SolutionGuid = {9A7774DD-291A-4E44-ADEA-7E92558806C8}
	EndGlobalSection
EndGlobal
