
Microsoft Visual Studio Solution File, Format Version 12.00
# Visual Studio Version 16
VisualStudioVersion = 16.0.32106.194
MinimumVisualStudioVersion = 10.0.40219.1
Project("{FAE04EC0-301F-11D3-BF4B-00C04F79EFBC}") = "UnderstandingOverloadingApplication", "UnderstandingOverloadingApplication\UnderstandingOverloadingApplication.csproj", "{224EBEE7-000B-48C5-83D0-B7AD152A2C68}"
EndProject
Global
	GlobalSection(SolutionConfigurationPlatforms) = preSolution
		Debug|Any CPU = Debug|Any CPU
		Release|Any CPU = Release|Any CPU
	EndGlobalSection
	GlobalSection(ProjectConfigurationPlatforms) = postSolution
		{224EBEE7-000B-48C5-83D0-B7AD152A2C68}.Debug|Any CPU.ActiveCfg = Debug|Any CPU
		{224EBEE7-000B-48C5-83D0-B7AD152A2C68}.Debug|Any CPU.Build.0 = Debug|Any CPU
		{224EBEE7-000B-48C5-83D0-B7AD152A2C68}.Release|Any CPU.ActiveCfg = Release|Any CPU
		{224EBEE7-000B-48C5-83D0-B7AD152A2C68}.Release|Any CPU.Build.0 = Release|Any CPU
	EndGlobalSection
	GlobalSection(SolutionProperties) = preSolution
		HideSolutionNode = FALSE
	EndGlobalSection
	GlobalSection(ExtensibilityGlobals) = postSolution
		SolutionGuid = {CFC91F5B-4C70-4CC6-A9EC-C7B94CA0A205}
	EndGlobalSection
EndGlobal
